
Microsoft Visual Studio Solution File, Format Version 12.00
# Visual Studio 15
VisualStudioVersion = 15.0.26730.16
MinimumVisualStudioVersion = 10.0.40219.1
Project("{8BC9CEB8-8B4A-11D0-8D11-00A0C91BC942}") = "aisd_kontr_rab_2", "aisd_kontr_rab_2\aisd_kontr_rab_2.vcxproj", "{FA202BD0-5391-4A3D-8232-DCA04AB955ED}"
EndProject
Global
	GlobalSection(SolutionConfigurationPlatforms) = preSolution
		Debug|x64 = Debug|x64
		Debug|x86 = Debug|x86
		Release|x64 = Release|x64
		Release|x86 = Release|x86
	EndGlobalSection
	GlobalSection(ProjectConfigurationPlatforms) = postSolution
		{FA202BD0-5391-4A3D-8232-DCA04AB955ED}.Debug|x64.ActiveCfg = Debug|x64
		{FA202BD0-5391-4A3D-8232-DCA04AB955ED}.Debug|x64.Build.0 = Debug|x64
		{FA202BD0-5391-4A3D-8232-DCA04AB955ED}.Debug|x86.ActiveCfg = Debug|Win32
		{FA202BD0-5391-4A3D-8232-DCA04AB955ED}.Debug|x86.Build.0 = Debug|Win32
		{FA202BD0-5391-4A3D-8232-DCA04AB955ED}.Release|x64.ActiveCfg = Release|x64
		{FA202BD0-5391-4A3D-8232-DCA04AB955ED}.Release|x64.Build.0 = Release|x64
		{FA202BD0-5391-4A3D-8232-DCA04AB955ED}.Release|x86.ActiveCfg = Release|Win32
		{FA202BD0-5391-4A3D-8232-DCA04AB955ED}.Release|x86.Build.0 = Release|Win32
	EndGlobalSection
	GlobalSection(SolutionProperties) = preSolution
		HideSolutionNode = FALSE
	EndGlobalSection
	GlobalSection(ExtensibilityGlobals) = postSolution
		SolutionGuid = {929E8615-56FC-4C05-AC42-794484B55C4E}
	EndGlobalSection
EndGlobal
